
Microsoft Visual Studio Solution File, Format Version 12.00
# Visual Studio Version 17
VisualStudioVersion = 17.14.36811.4 d17.14
MinimumVisualStudioVersion = 10.0.40219.1
Project("{FAE04EC0-301F-11D3-BF4B-00C04F79EFBC}") = "Baitap", "Baitap.csproj", "{33886728-E400-4955-A196-60AEB5E1D906}"
EndProject
Global
	GlobalSection(SolutionConfigurationPlatforms) = preSolution
		Debug|Any CPU = Debug|Any CPU
		Release|Any CPU = Release|Any CPU
	EndGlobalSection
	GlobalSection(ProjectConfigurationPlatforms) = postSolution
		{33886728-E400-4955-A196-60AEB5E1D906}.Debug|Any CPU.ActiveCfg = Debug|Any CPU
		{33886728-E400-4955-A196-60AEB5E1D906}.Debug|Any CPU.Build.0 = Debug|Any CPU
		{33886728-E400-4955-A196-60AEB5E1D906}.Release|Any CPU.ActiveCfg = Release|Any CPU
		{33886728-E400-4955-A196-60AEB5E1D906}.Release|Any CPU.Build.0 = Release|Any CPU
	EndGlobalSection
	GlobalSection(SolutionProperties) = preSolution
		HideSolutionNode = FALSE
	EndGlobalSection
	GlobalSection(ExtensibilityGlobals) = postSolution
		SolutionGuid = {5A0D7ACA-2E53-4A1B-B9A5-42C4CC841236}
	EndGlobalSection
EndGlobal
